
Microsoft Visual Studio Solution File, Format Version 12.00
# Visual Studio Version 17
VisualStudioVersion = 17.7.34302.85
MinimumVisualStudioVersion = 10.0.40219.1
Project("{FAE04EC0-301F-11D3-BF4B-00C04F79EFBC}") = "API", "API\API.csproj", "{E9203041-E48B-4439-A15C-7E92A527EAF7}"
EndProject
Global
	GlobalSection(SolutionConfigurationPlatforms) = preSolution
		Debug|Any CPU = Debug|Any CPU
		Release|Any CPU = Release|Any CPU
	EndGlobalSection
	GlobalSection(ProjectConfigurationPlatforms) = postSolution
		{E9203041-E48B-4439-A15C-7E92A527EAF7}.Debug|Any CPU.ActiveCfg = Debug|Any CPU
		{E9203041-E48B-4439-A15C-7E92A527EAF7}.Debug|Any CPU.Build.0 = Debug|Any CPU
		{E9203041-E48B-4439-A15C-7E92A527EAF7}.Release|Any CPU.ActiveCfg = Release|Any CPU
		{E9203041-E48B-4439-A15C-7E92A527EAF7}.Release|Any CPU.Build.0 = Release|Any CPU
	EndGlobalSection
	GlobalSection(SolutionProperties) = preSolution
		HideSolutionNode = FALSE
	EndGlobalSection
	GlobalSection(ExtensibilityGlobals) = postSolution
		SolutionGuid = {9C1F5CF7-1DF8-4E05-B2AF-0D0A016552E4}
	EndGlobalSection
EndGlobal
